
Microsoft Visual Studio Solution File, Format Version 12.00
# Visual Studio Version 17
VisualStudioVersion = 17.0.31903.59
MinimumVisualStudioVersion = 10.0.40219.1
Project("{2150E333-8FDC-42A3-9474-1A3956D46DE8}") = "src", "src", "{827E0CD3-B72D-47B6-A68D-7590B98EB39B}"
EndProject
Project("{2150E333-8FDC-42A3-9474-1A3956D46DE8}") = "blueatelier.app", "blueatelier.app", "{F1C99BE6-8971-BE66-9433-BA55A42144E8}"
EndProject
Project("{FAE04EC0-301F-11D3-BF4B-00C04F79EFBC}") = "BlueAtelier.App", "src\blueatelier.app\BlueAtelier.App.csproj", "{3A0C0E0C-2A13-4229-8487-4F2E452C20A7}"
EndProject
Project("{2150E333-8FDC-42A3-9474-1A3956D46DE8}") = "blueatelier.domain", "blueatelier.domain", "{E5DA0D4E-DDA4-EC70-77EE-FA9E84E86586}"
EndProject
Project("{FAE04EC0-301F-11D3-BF4B-00C04F79EFBC}") = "BlueAtelier.Domain", "src\blueatelier.domain\BlueAtelier.Domain.csproj", "{FBA2AFCC-390A-4BBB-9BFE-7FAB1CFFFCCF}"
EndProject
Project("{2150E333-8FDC-42A3-9474-1A3956D46DE8}") = "blueatelier.application", "blueatelier.application", "{11B3DD0C-DC15-DC58-AAB9-387D3965A636}"
EndProject
Project("{FAE04EC0-301F-11D3-BF4B-00C04F79EFBC}") = "BlueAtelier.Application", "src\blueatelier.application\BlueAtelier.Application.csproj", "{6EDDA1AF-E4C8-4D25-89C5-298411179BAF}"
EndProject
Project("{2150E333-8FDC-42A3-9474-1A3956D46DE8}") = "blueatelier.infrastructure", "blueatelier.infrastructure", "{DF905FBA-7DED-5C45-F1E2-26F9EB412DBA}"
EndProject
Project("{FAE04EC0-301F-11D3-BF4B-00C04F79EFBC}") = "BlueAtelier.Infrastructure", "src\blueatelier.infrastructure\BlueAtelier.Infrastructure.csproj", "{6D8310CC-8D42-4A12-BCB0-21F1EA28B38C}"
EndProject
Project("{2150E333-8FDC-42A3-9474-1A3956D46DE8}") = "blueatelier.persistence", "blueatelier.persistence", "{9EA1A8E0-C768-8AF0-071A-EFC4BE1CD864}"
EndProject
Project("{FAE04EC0-301F-11D3-BF4B-00C04F79EFBC}") = "BlueAtelier.Persistence", "src\blueatelier.persistence\BlueAtelier.Persistence.csproj", "{17A47FFD-D57E-4934-96F6-D4CAFC4E8041}"
EndProject
Project("{2150E333-8FDC-42A3-9474-1A3956D46DE8}") = "tests", "tests", "{0AB3BF05-4346-4AA6-1389-037BE0695223}"
EndProject
Project("{2150E333-8FDC-42A3-9474-1A3956D46DE8}") = "blueatelier.tests", "blueatelier.tests", "{D2B29D6D-F96C-0751-B3B2-6EF9A1A99B1E}"
EndProject
Project("{FAE04EC0-301F-11D3-BF4B-00C04F79EFBC}") = "BlueAtelier.Tests", "tests\blueatelier.tests\BlueAtelier.Tests.csproj", "{277133C5-808B-46C6-8BCA-648B30683915}"
EndProject
Global
	GlobalSection(SolutionConfigurationPlatforms) = preSolution
		Debug|Any CPU = Debug|Any CPU
		Debug|x64 = Debug|x64
		Debug|x86 = Debug|x86
		Release|Any CPU = Release|Any CPU
		Release|x64 = Release|x64
		Release|x86 = Release|x86
	EndGlobalSection
	GlobalSection(ProjectConfigurationPlatforms) = postSolution
		{3A0C0E0C-2A13-4229-8487-4F2E452C20A7}.Debug|Any CPU.ActiveCfg = Debug|Any CPU
		{3A0C0E0C-2A13-4229-8487-4F2E452C20A7}.Debug|Any CPU.Build.0 = Debug|Any CPU
		{3A0C0E0C-2A13-4229-8487-4F2E452C20A7}.Debug|x64.ActiveCfg = Debug|Any CPU
		{3A0C0E0C-2A13-4229-8487-4F2E452C20A7}.Debug|x64.Build.0 = Debug|Any CPU
		{3A0C0E0C-2A13-4229-8487-4F2E452C20A7}.Debug|x86.ActiveCfg = Debug|Any CPU
		{3A0C0E0C-2A13-4229-8487-4F2E452C20A7}.Debug|x86.Build.0 = Debug|Any CPU
		{3A0C0E0C-2A13-4229-8487-4F2E452C20A7}.Release|Any CPU.ActiveCfg = Release|Any CPU
		{3A0C0E0C-2A13-4229-8487-4F2E452C20A7}.Release|Any CPU.Build.0 = Release|Any CPU
		{3A0C0E0C-2A13-4229-8487-4F2E452C20A7}.Release|x64.ActiveCfg = Release|Any CPU
		{3A0C0E0C-2A13-4229-8487-4F2E452C20A7}.Release|x64.Build.0 = Release|Any CPU
		{3A0C0E0C-2A13-4229-8487-4F2E452C20A7}.Release|x86.ActiveCfg = Release|Any CPU
		{3A0C0E0C-2A13-4229-8487-4F2E452C20A7}.Release|x86.Build.0 = Release|Any CPU
		{FBA2AFCC-390A-4BBB-9BFE-7FAB1CFFFCCF}.Debug|Any CPU.ActiveCfg = Debug|Any CPU
		{FBA2AFCC-390A-4BBB-9BFE-7FAB1CFFFCCF}.Debug|Any CPU.Build.0 = Debug|Any CPU
		{FBA2AFCC-390A-4BBB-9BFE-7FAB1CFFFCCF}.Debug|x64.ActiveCfg = Debug|Any CPU
		{FBA2AFCC-390A-4BBB-9BFE-7FAB1CFFFCCF}.Debug|x64.Build.0 = Debug|Any CPU
		{FBA2AFCC-390A-4BBB-9BFE-7FAB1CFFFCCF}.Debug|x86.ActiveCfg = Debug|Any CPU
		{FBA2AFCC-390A-4BBB-9BFE-7FAB1CFFFCCF}.Debug|x86.Build.0 = Debug|Any CPU
		{FBA2AFCC-390A-4BBB-9BFE-7FAB1CFFFCCF}.Release|Any CPU.ActiveCfg = Release|Any CPU
		{FBA2AFCC-390A-4BBB-9BFE-7FAB1CFFFCCF}.Release|Any CPU.Build.0 = Release|Any CPU
		{FBA2AFCC-390A-4BBB-9BFE-7FAB1CFFFCCF}.Release|x64.ActiveCfg = Release|Any CPU
		{FBA2AFCC-390A-4BBB-9BFE-7FAB1CFFFCCF}.Release|x64.Build.0 = Release|Any CPU
		{FBA2AFCC-390A-4BBB-9BFE-7FAB1CFFFCCF}.Release|x86.ActiveCfg = Release|Any CPU
		{FBA2AFCC-390A-4BBB-9BFE-7FAB1CFFFCCF}.Release|x86.Build.0 = Release|Any CPU
		{6EDDA1AF-E4C8-4D25-89C5-298411179BAF}.Debug|Any CPU.ActiveCfg = Debug|Any CPU
		{6EDDA1AF-E4C8-4D25-89C5-298411179BAF}.Debug|Any CPU.Build.0 = Debug|Any CPU
		{6EDDA1AF-E4C8-4D25-89C5-298411179BAF}.Debug|x64.ActiveCfg = Debug|Any CPU
		{6EDDA1AF-E4C8-4D25-89C5-298411179BAF}.Debug|x64.Build.0 = Debug|Any CPU
		{6EDDA1AF-E4C8-4D25-89C5-298411179BAF}.Debug|x86.ActiveCfg = Debug|Any CPU
		{6EDDA1AF-E4C8-4D25-89C5-298411179BAF}.Debug|x86.Build.0 = Debug|Any CPU
		{6EDDA1AF-E4C8-4D25-89C5-298411179BAF}.Release|Any CPU.ActiveCfg = Release|Any CPU
		{6EDDA1AF-E4C8-4D25-89C5-298411179BAF}.Release|Any CPU.Build.0 = Release|Any CPU
		{6EDDA1AF-E4C8-4D25-89C5-298411179BAF}.Release|x64.ActiveCfg = Release|Any CPU
		{6EDDA1AF-E4C8-4D25-89C5-298411179BAF}.Release|x64.Build.0 = Release|Any CPU
		{6EDDA1AF-E4C8-4D25-89C5-298411179BAF}.Release|x86.ActiveCfg = Release|Any CPU
		{6EDDA1AF-E4C8-4D25-89C5-298411179BAF}.Release|x86.Build.0 = Release|Any CPU
		{6D8310CC-8D42-4A12-BCB0-21F1EA28B38C}.Debug|Any CPU.ActiveCfg = Debug|Any CPU
		{6D8310CC-8D42-4A12-BCB0-21F1EA28B38C}.Debug|Any CPU.Build.0 = Debug|Any CPU
		{6D8310CC-8D42-4A12-BCB0-21F1EA28B38C}.Debug|x64.ActiveCfg = Debug|Any CPU
		{6D8310CC-8D42-4A12-BCB0-21F1EA28B38C}.Debug|x64.Build.0 = Debug|Any CPU
		{6D8310CC-8D42-4A12-BCB0-21F1EA28B38C}.Debug|x86.ActiveCfg = Debug|Any CPU
		{6D8310CC-8D42-4A12-BCB0-21F1EA28B38C}.Debug|x86.Build.0 = Debug|Any CPU
		{6D8310CC-8D42-4A12-BCB0-21F1EA28B38C}.Release|Any CPU.ActiveCfg = Release|Any CPU
		{6D8310CC-8D42-4A12-BCB0-21F1EA28B38C}.Release|Any CPU.Build.0 = Release|Any CPU
		{6D8310CC-8D42-4A12-BCB0-21F1EA28B38C}.Release|x64.ActiveCfg = Release|Any CPU
		{6D8310CC-8D42-4A12-BCB0-21F1EA28B38C}.Release|x64.Build.0 = Release|Any CPU
		{6D8310CC-8D42-4A12-BCB0-21F1EA28B38C}.Release|x86.ActiveCfg = Release|Any CPU
		{6D8310CC-8D42-4A12-BCB0-21F1EA28B38C}.Release|x86.Build.0 = Release|Any CPU
		{17A47FFD-D57E-4934-96F6-D4CAFC4E8041}.Debug|Any CPU.ActiveCfg = Debug|Any CPU
		{17A47FFD-D57E-4934-96F6-D4CAFC4E8041}.Debug|Any CPU.Build.0 = Debug|Any CPU
		{17A47FFD-D57E-4934-96F6-D4CAFC4E8041}.Debug|x64.ActiveCfg = Debug|Any CPU
		{17A47FFD-D57E-4934-96F6-D4CAFC4E8041}.Debug|x64.Build.0 = Debug|Any CPU
		{17A47FFD-D57E-4934-96F6-D4CAFC4E8041}.Debug|x86.ActiveCfg = Debug|Any CPU
		{17A47FFD-D57E-4934-96F6-D4CAFC4E8041}.Debug|x86.Build.0 = Debug|Any CPU
		{17A47FFD-D57E-4934-96F6-D4CAFC4E8041}.Release|Any CPU.ActiveCfg = Release|Any CPU
		{17A47FFD-D57E-4934-96F6-D4CAFC4E8041}.Release|Any CPU.Build.0 = Release|Any CPU
		{17A47FFD-D57E-4934-96F6-D4CAFC4E8041}.Release|x64.ActiveCfg = Release|Any CPU
		{17A47FFD-D57E-4934-96F6-D4CAFC4E8041}.Release|x64.Build.0 = Release|Any CPU
		{17A47FFD-D57E-4934-96F6-D4CAFC4E8041}.Release|x86.ActiveCfg = Release|Any CPU
		{17A47FFD-D57E-4934-96F6-D4CAFC4E8041}.Release|x86.Build.0 = Release|Any CPU
		{277133C5-808B-46C6-8BCA-648B30683915}.Debug|Any CPU.ActiveCfg = Debug|Any CPU
		{277133C5-808B-46C6-8BCA-648B30683915}.Debug|Any CPU.Build.0 = Debug|Any CPU
		{277133C5-808B-46C6-8BCA-648B30683915}.Debug|x64.ActiveCfg = Debug|Any CPU
		{277133C5-808B-46C6-8BCA-648B30683915}.Debug|x64.Build.0 = Debug|Any CPU
		{277133C5-808B-46C6-8BCA-648B30683915}.Debug|x86.ActiveCfg = Debug|Any CPU
		{277133C5-808B-46C6-8BCA-648B30683915}.Debug|x86.Build.0 = Debug|Any CPU
		{277133C5-808B-46C6-8BCA-648B30683915}.Release|Any CPU.ActiveCfg = Release|Any CPU
		{277133C5-808B-46C6-8BCA-648B30683915}.Release|Any CPU.Build.0 = Release|Any CPU
		{277133C5-808B-46C6-8BCA-648B30683915}.Release|x64.ActiveCfg = Release|Any CPU
		{277133C5-808B-46C6-8BCA-648B30683915}.Release|x64.Build.0 = Release|Any CPU
		{277133C5-808B-46C6-8BCA-648B30683915}.Release|x86.ActiveCfg = Release|Any CPU
		{277133C5-808B-46C6-8BCA-648B30683915}.Release|x86.Build.0 = Release|Any CPU
	EndGlobalSection
	GlobalSection(SolutionProperties) = preSolution
		HideSolutionNode = FALSE
	EndGlobalSection
	GlobalSection(NestedProjects) = preSolution
		{F1C99BE6-8971-BE66-9433-BA55A42144E8} = {827E0CD3-B72D-47B6-A68D-7590B98EB39B}
		{3A0C0E0C-2A13-4229-8487-4F2E452C20A7} = {F1C99BE6-8971-BE66-9433-BA55A42144E8}
		{E5DA0D4E-DDA4-EC70-77EE-FA9E84E86586} = {827E0CD3-B72D-47B6-A68D-7590B98EB39B}
		{FBA2AFCC-390A-4BBB-9BFE-7FAB1CFFFCCF} = {E5DA0D4E-DDA4-EC70-77EE-FA9E84E86586}
		{11B3DD0C-DC15-DC58-AAB9-387D3965A636} = {827E0CD3-B72D-47B6-A68D-7590B98EB39B}
		{6EDDA1AF-E4C8-4D25-89C5-298411179BAF} = {11B3DD0C-DC15-DC58-AAB9-387D3965A636}
		{DF905FBA-7DED-5C45-F1E2-26F9EB412DBA} = {827E0CD3-B72D-47B6-A68D-7590B98EB39B}
		{6D8310CC-8D42-4A12-BCB0-21F1EA28B38C} = {DF905FBA-7DED-5C45-F1E2-26F9EB412DBA}
		{9EA1A8E0-C768-8AF0-071A-EFC4BE1CD864} = {827E0CD3-B72D-47B6-A68D-7590B98EB39B}
		{17A47FFD-D57E-4934-96F6-D4CAFC4E8041} = {9EA1A8E0-C768-8AF0-071A-EFC4BE1CD864}
		{D2B29D6D-F96C-0751-B3B2-6EF9A1A99B1E} = {0AB3BF05-4346-4AA6-1389-037BE0695223}
		{277133C5-808B-46C6-8BCA-648B30683915} = {D2B29D6D-F96C-0751-B3B2-6EF9A1A99B1E}
	EndGlobalSection
EndGlobal
